
Microsoft Visual Studio Solution File, Format Version 12.00
# Visual Studio Version 17
VisualStudioVersion = 17.6.33829.357
MinimumVisualStudioVersion = 10.0.40219.1
Project("{FAE04EC0-301F-11D3-BF4B-00C04F79EFBC}") = "FullStack.API", "FullStack.API\FullStack.API.csproj", "{6391ABDC-6F26-4088-8197-23C6824DA784}"
EndProject
Global
	GlobalSection(SolutionConfigurationPlatforms) = preSolution
		Debug|Any CPU = Debug|Any CPU
		Release|Any CPU = Release|Any CPU
	EndGlobalSection
	GlobalSection(ProjectConfigurationPlatforms) = postSolution
		{6391ABDC-6F26-4088-8197-23C6824DA784}.Debug|Any CPU.ActiveCfg = Debug|Any CPU
		{6391ABDC-6F26-4088-8197-23C6824DA784}.Debug|Any CPU.Build.0 = Debug|Any CPU
		{6391ABDC-6F26-4088-8197-23C6824DA784}.Release|Any CPU.ActiveCfg = Release|Any CPU
		{6391ABDC-6F26-4088-8197-23C6824DA784}.Release|Any CPU.Build.0 = Release|Any CPU
	EndGlobalSection
	GlobalSection(SolutionProperties) = preSolution
		HideSolutionNode = FALSE
	EndGlobalSection
	GlobalSection(ExtensibilityGlobals) = postSolution
		SolutionGuid = {42E5DB12-EE4A-4360-AD60-1C19CF41DBC5}
	EndGlobalSection
EndGlobal
